PODS:
  - Alamofire (4.9.0)
  - Kingfisher (4.2.0)
  - Kio (2.1.3)
  - Moya (13.0.1):
    - Moya/Core (= 13.0.1)
  - Moya/Core (13.0.1):
    - Alamofire (~> 4.1)
    - Result (~> 4.1)
  - Result (4.1.0)
  - SnapKit (5.0.1)

DEPENDENCIES:
  - Kingfisher
  - Kio (from `https://github.com/hooliooo/Kio.git`)
  - Moya (~> 13.0)
  - SnapKit (~> 5.0.0)

SPEC REPOS:
  trunk:
    - Alamofire
    - Kingfisher
    - Moya
    - Result
    - SnapKit

EXTERNAL SOURCES:
  Kio:
    :git: https://github.com/hooliooo/Kio.git

CHECKOUT OPTIONS:
  Kio:
    :commit: e8cd25700ac5653d8ac4dd44f0976098fc81ab5e
    :git: https://github.com/hooliooo/Kio.git

SPEC CHECKSUMS:
  Alamofire: afc3e7c6db61476cb45cdd23fed06bad03bbc321
  Kingfisher: 9ee7e788d8ba07c3f21ce0d43f33cec310a4f781
  Kio: d5f287e41fe177d55a15bfc2ec05ef01c3366fc6
  Moya: f4a4b80ff2f8a4ffc208dfb31cd91636622fee6e
  Result: bd966fac789cc6c1563440b348ab2598cc24d5c7
  SnapKit: 97b92857e3df3a0c71833cce143274bf6ef8e5eb

PODFILE CHECKSUM: 85df7ad5c20dfd3435504f0a893f42c196884833

COCOAPODS: 1.8.4
